<?xml version="1.0" encoding="utf-8"?>
<Project ToolsVersion="4.0" xmlns="http://schemas.microsoft.com/developer/msbuild/2003">
  <ItemGroup>
    <Filter Include="Source Files">
      <UniqueIdentifier>{7c0887fc-620c-4e83-80b0-d44c41221398}</UniqueIdentifier>
      <Extensions>cpp;c;cxx;rc;def;r;odl;hpj;bat;for;f90</Extensions>
    </Filter>
    <Filter Include="Header Files">
      <UniqueIdentifier>{cfee8f2d-0c9e-4599-b76f-03ef269e3693}</UniqueIdentifier>
      <Extensions>h;hpp;hxx;hm;inl;fi;fd</Extensions>
    </Filter>
    <Filter Include="Resource Files">
      <UniqueIdentifier>{2118ef55-d2c1-45e3-96d8-7df8f9a88b7d}</UniqueIdentifier>
      <Extensions>ico;cur;bmp;dlg;rc2;rct;bin;cnt;rtf;gif;jpg;jpeg;jpe</Extensions>
    </Filter>
    <Filter Include="jpeg">
      <UniqueIdentifier>{27b20f9b-7e4b-4391-9f9e-c0ac2bf06d06}</UniqueIdentifier>
    </Filter>
    <Filter Include="jpeg\Source Files">
      <UniqueIdentifier>{93eeec3e-d741-45cf-996a-1fdb2f8a9bdb}</UniqueIdentifier>
    </Filter>
    <Filter Include="jpeg\Header Files">
      <UniqueIdentifier>{73a57952-9988-46dd-8eb4-b8888787d4b7}</UniqueIdentifier>
    </Filter>
    <Filter Include="renderer">
      <UniqueIdentifier>{c82e323c-9a35-41ea-9f28-ee0c1e15c7ba}</UniqueIdentifier>
    </Filter>
    <Filter Include="renderer\Source Files">
      <UniqueIdentifier>{0ee0a9cb-f315-480b-b7c7-9b1f0d15db54}</UniqueIdentifier>
    </Filter>
    <Filter Include="speex">
      <UniqueIdentifier>{78e83da0-aef9-489d-a068-e484f9f114da}</UniqueIdentifier>
    </Filter>
    <Filter Include="zlib">
      <UniqueIdentifier>{89531515-ab90-4808-b464-28319ea749c5}</UniqueIdentifier>
    </Filter>
  </ItemGroup>
  <ItemGroup>
    <ClCompile Include="..\..\Engine\client\cl_avi.c">
      <Filter>Source Files</Filter>
    </ClCompile>
    <ClCompile Include="..\..\Engine\client\cl_cgame.c">
      <Filter>Source Files</Filter>
    </ClCompile>
    <ClCompile Include="..\..\Engine\client\cl_cin.c">
      <Filter>Source Files</Filter>
    </ClCompile>
    <ClCompile Include="..\..\Engine\client\cl_console.c">
      <Filter>Source Files</Filter>
    </ClCompile>
    <ClCompile Include="..\..\Engine\client\cl_curl.c">
      <Filter>Source Files</Filter>
    </ClCompile>
    <ClCompile Include="..\..\Engine\client\cl_input.c">
      <Filter>Source Files</Filter>
    </ClCompile>
    <ClCompile Include="..\..\Engine\client\cl_keys.c">
      <Filter>Source Files</Filter>
    </ClCompile>
    <ClCompile Include="..\..\Engine\client\cl_main.c">
      <Filter>Source Files</Filter>
    </ClCompile>
    <ClCompile Include="..\..\Engine\client\cl_net_chan.c">
      <Filter>Source Files</Filter>
    </ClCompile>
    <ClCompile Include="..\..\Engine\client\cl_parse.c">
      <Filter>Source Files</Filter>
    </ClCompile>
    <ClCompile Include="..\..\Engine\client\cl_scrn.c">
      <Filter>Source Files</Filter>
    </ClCompile>
    <ClCompile Include="..\..\Engine\client\cl_ui.c">
      <Filter>Source Files</Filter>
    </ClCompile>
    <ClCompile Include="..\..\Shared\cm_load.c">
      <Filter>Source Files</Filter>
    </ClCompile>
    <ClCompile Include="..\..\Shared\cm_patch.c">
      <Filter>Source Files</Filter>
    </ClCompile>
    <ClCompile Include="..\..\Shared\cm_polylib.c">
      <Filter>Source Files</Filter>
    </ClCompile>
    <ClCompile Include="..\..\Shared\cm_test.c">
      <Filter>Source Files</Filter>
    </ClCompile>
    <ClCompile Include="..\..\Shared\cm_trace.c">
      <Filter>Source Files</Filter>
    </ClCompile>
    <ClCompile Include="..\..\Shared\cmd.c">
      <Filter>Source Files</Filter>
    </ClCompile>
    <ClCompile Include="..\..\Shared\common.c">
      <Filter>Source Files</Filter>
    </ClCompile>
    <ClCompile Include="..\..\Engine\sys\con_log.c">
      <Filter>Source Files</Filter>
    </ClCompile>
    <ClCompile Include="..\..\Engine\sys\con_passive.c">
      <Filter>Source Files</Filter>
    </ClCompile>
    <ClCompile Include="..\..\Shared\cvar.c">
      <Filter>Source Files</Filter>
    </ClCompile>
    <ClCompile Include="..\..\Shared\files.c">
      <Filter>Source Files</Filter>
    </ClCompile>
    <ClCompile Include="..\..\Shared\huffman.c">
      <Filter>Source Files</Filter>
    </ClCompile>
    <ClCompile Include="..\..\Shared\ioapi.c">
      <Filter>Source Files</Filter>
    </ClCompile>
    <ClCompile Include="..\..\Shared\md4.c">
      <Filter>Source Files</Filter>
    </ClCompile>
    <ClCompile Include="..\..\Shared\md5.c">
      <Filter>Source Files</Filter>
    </ClCompile>
    <ClCompile Include="..\..\Shared\msg.c">
      <Filter>Source Files</Filter>
    </ClCompile>
    <ClCompile Include="..\..\Shared\net_chan.c">
      <Filter>Source Files</Filter>
    </ClCompile>
    <ClCompile Include="..\..\Shared\net_ip.c">
      <Filter>Source Files</Filter>
    </ClCompile>
    <ClCompile Include="..\..\Shared\puff.c">
      <Filter>Source Files</Filter>
    </ClCompile>
    <ClCompile Include="..\..\Shared\q_math.c">
      <Filter>Source Files</Filter>
    </ClCompile>
    <ClCompile Include="..\..\Shared\q_shared.c">
      <Filter>Source Files</Filter>
    </ClCompile>
    <ClCompile Include="..\..\Engine\client\qal.c">
      <Filter>Source Files</Filter>
    </ClCompile>
    <ClCompile Include="..\..\Engine\sdl\sdl_gamma.c">
      <Filter>Source Files</Filter>
    </ClCompile>
    <ClCompile Include="..\..\Engine\sdl\sdl_glimp.c">
      <Filter>Source Files</Filter>
    </ClCompile>
    <ClCompile Include="..\..\Engine\sdl\sdl_input.c">
      <Filter>Source Files</Filter>
    </ClCompile>
    <ClCompile Include="..\..\Engine\sdl\sdl_snd.c">
      <Filter>Source Files</Filter>
    </ClCompile>
    <ClCompile Include="..\..\Engine\client\snd_adpcm.c">
      <Filter>Source Files</Filter>
    </ClCompile>
    <ClCompile Include="..\..\Engine\client\snd_codec.c">
      <Filter>Source Files</Filter>
    </ClCompile>
    <ClCompile Include="..\..\Engine\client\snd_codec_ogg.c">
      <Filter>Source Files</Filter>
    </ClCompile>
    <ClCompile Include="..\..\Engine\client\snd_codec_wav.c">
      <Filter>Source Files</Filter>
    </ClCompile>
    <ClCompile Include="..\..\Engine\client\snd_dma.c">
      <Filter>Source Files</Filter>
    </ClCompile>
    <ClCompile Include="..\..\Engine\client\snd_main.c">
      <Filter>Source Files</Filter>
    </ClCompile>
    <ClCompile Include="..\..\Engine\client\snd_mem.c">
      <Filter>Source Files</Filter>
    </ClCompile>
    <ClCompile Include="..\..\Engine\client\snd_mix.c">
      <Filter>Source Files</Filter>
    </ClCompile>
    <ClCompile Include="..\..\Engine\client\snd_openal.c">
      <Filter>Source Files</Filter>
    </ClCompile>
    <ClCompile Include="..\..\Engine\client\snd_wavelet.c">
      <Filter>Source Files</Filter>
    </ClCompile>
    <ClCompile Include="..\..\Engine\server\sv_ccmds.c">
      <Filter>Source Files</Filter>
    </ClCompile>
    <ClCompile Include="..\..\Engine\server\sv_client.c">
      <Filter>Source Files</Filter>
    </ClCompile>
    <ClCompile Include="..\..\Engine\server\sv_game.c">
      <Filter>Source Files</Filter>
    </ClCompile>
    <ClCompile Include="..\..\Engine\server\sv_init.c">
      <Filter>Source Files</Filter>
    </ClCompile>
    <ClCompile Include="..\..\Engine\server\sv_main.c">
      <Filter>Source Files</Filter>
    </ClCompile>
    <ClCompile Include="..\..\Engine\server\sv_net_chan.c">
      <Filter>Source Files</Filter>
    </ClCompile>
    <ClCompile Include="..\..\Engine\server\sv_snapshot.c">
      <Filter>Source Files</Filter>
    </ClCompile>
    <ClCompile Include="..\..\Engine\server\sv_world.c">
      <Filter>Source Files</Filter>
    </ClCompile>
    <ClCompile Include="..\..\Engine\sys\sys_main.c">
      <Filter>Source Files</Filter>
    </ClCompile>
    <ClCompile Include="..\..\Engine\sys\sys_win32.c">
      <Filter>Source Files</Filter>
    </ClCompile>
    <ClCompile Include="..\..\Shared\unzip.c">
      <Filter>Source Files</Filter>
    </ClCompile>
    <ClCompile Include="..\..\Shared\vm.c">
      <Filter>Source Files</Filter>
    </ClCompile>
    <ClCompile Include="..\..\Shared\vm_interpreted.c">
      <Filter>Source Files</Filter>
    </ClCompile>
    <ClCompile Include="..\..\Shared\vm_x86.c">
      <Filter>Source Files</Filter>
    </ClCompile>
    <ClCompile Include="..\..\Engine\jpeg-8c\jaricom.c">
      <Filter>jpeg\Source Files</Filter>
    </ClCompile>
    <ClCompile Include="..\..\Engine\jpeg-8c\jcapimin.c">
      <Filter>jpeg\Source Files</Filter>
    </ClCompile>
    <ClCompile Include="..\..\Engine\jpeg-8c\jcapistd.c">
      <Filter>jpeg\Source Files</Filter>
    </ClCompile>
    <ClCompile Include="..\..\Engine\jpeg-8c\jcarith.c">
      <Filter>jpeg\Source Files</Filter>
    </ClCompile>
    <ClCompile Include="..\..\Engine\jpeg-8c\jccoefct.c">
      <Filter>jpeg\Source Files</Filter>
    </ClCompile>
    <ClCompile Include="..\..\Engine\jpeg-8c\jccolor.c">
      <Filter>jpeg\Source Files</Filter>
    </ClCompile>
    <ClCompile Include="..\..\Engine\jpeg-8c\jcdctmgr.c">
      <Filter>jpeg\Source Files</Filter>
    </ClCompile>
    <ClCompile Include="..\..\Engine\jpeg-8c\jchuff.c">
      <Filter>jpeg\Source Files</Filter>
    </ClCompile>
    <ClCompile Include="..\..\Engine\jpeg-8c\jcinit.c">
      <Filter>jpeg\Source Files</Filter>
    </ClCompile>
    <ClCompile Include="..\..\Engine\jpeg-8c\jcmainct.c">
      <Filter>jpeg\Source Files</Filter>
    </ClCompile>
    <ClCompile Include="..\..\Engine\jpeg-8c\jcmarker.c">
      <Filter>jpeg\Source Files</Filter>
    </ClCompile>
    <ClCompile Include="..\..\Engine\jpeg-8c\jcmaster.c">
      <Filter>jpeg\Source Files</Filter>
    </ClCompile>
    <ClCompile Include="..\..\Engine\jpeg-8c\jcomapi.c">
      <Filter>jpeg\Source Files</Filter>
    </ClCompile>
    <ClCompile Include="..\..\Engine\jpeg-8c\jcparam.c">
      <Filter>jpeg\Source Files</Filter>
    </ClCompile>
    <ClCompile Include="..\..\Engine\jpeg-8c\jcprepct.c">
      <Filter>jpeg\Source Files</Filter>
    </ClCompile>
    <ClCompile Include="..\..\Engine\jpeg-8c\jcsample.c">
      <Filter>jpeg\Source Files</Filter>
    </ClCompile>
    <ClCompile Include="..\..\Engine\jpeg-8c\jctrans.c">
      <Filter>jpeg\Source Files</Filter>
    </ClCompile>
    <ClCompile Include="..\..\Engine\jpeg-8c\jdapimin.c">
      <Filter>jpeg\Source Files</Filter>
    </ClCompile>
    <ClCompile Include="..\..\Engine\jpeg-8c\jdapistd.c">
      <Filter>jpeg\Source Files</Filter>
    </ClCompile>
    <ClCompile Include="..\..\Engine\jpeg-8c\jdarith.c">
      <Filter>jpeg\Source Files</Filter>
    </ClCompile>
    <ClCompile Include="..\..\Engine\jpeg-8c\jdatadst.c">
      <Filter>jpeg\Source Files</Filter>
    </ClCompile>
    <ClCompile Include="..\..\Engine\jpeg-8c\jdatasrc.c">
      <Filter>jpeg\Source Files</Filter>
    </ClCompile>
    <ClCompile Include="..\..\Engine\jpeg-8c\jdcoefct.c">
      <Filter>jpeg\Source Files</Filter>
    </ClCompile>
    <ClCompile Include="..\..\Engine\jpeg-8c\jdcolor.c">
      <Filter>jpeg\Source Files</Filter>
    </ClCompile>
    <ClCompile Include="..\..\Engine\jpeg-8c\jddctmgr.c">
      <Filter>jpeg\Source Files</Filter>
    </ClCompile>
    <ClCompile Include="..\..\Engine\jpeg-8c\jdhuff.c">
      <Filter>jpeg\Source Files</Filter>
    </ClCompile>
    <ClCompile Include="..\..\Engine\jpeg-8c\jdinput.c">
      <Filter>jpeg\Source Files</Filter>
    </ClCompile>
    <ClCompile Include="..\..\Engine\jpeg-8c\jdmainct.c">
      <Filter>jpeg\Source Files</Filter>
    </ClCompile>
    <ClCompile Include="..\..\Engine\jpeg-8c\jdmarker.c">
      <Filter>jpeg\Source Files</Filter>
    </ClCompile>
    <ClCompile Include="..\..\Engine\jpeg-8c\jdmaster.c">
      <Filter>jpeg\Source Files</Filter>
    </ClCompile>
    <ClCompile Include="..\..\Engine\jpeg-8c\jdmerge.c">
      <Filter>jpeg\Source Files</Filter>
    </ClCompile>
    <ClCompile Include="..\..\Engine\jpeg-8c\jdpostct.c">
      <Filter>jpeg\Source Files</Filter>
    </ClCompile>
    <ClCompile Include="..\..\Engine\jpeg-8c\jdsample.c">
      <Filter>jpeg\Source Files</Filter>
    </ClCompile>
    <ClCompile Include="..\..\Engine\jpeg-8c\jdtrans.c">
      <Filter>jpeg\Source Files</Filter>
    </ClCompile>
    <ClCompile Include="..\..\Engine\jpeg-8c\jerror.c">
      <Filter>jpeg\Source Files</Filter>
    </ClCompile>
    <ClCompile Include="..\..\Engine\jpeg-8c\jfdctflt.c">
      <Filter>jpeg\Source Files</Filter>
    </ClCompile>
    <ClCompile Include="..\..\Engine\jpeg-8c\jfdctfst.c">
      <Filter>jpeg\Source Files</Filter>
    </ClCompile>
    <ClCompile Include="..\..\Engine\jpeg-8c\jfdctint.c">
      <Filter>jpeg\Source Files</Filter>
    </ClCompile>
    <ClCompile Include="..\..\Engine\jpeg-8c\jidctflt.c">
      <Filter>jpeg\Source Files</Filter>
    </ClCompile>
    <ClCompile Include="..\..\Engine\jpeg-8c\jidctfst.c">
      <Filter>jpeg\Source Files</Filter>
    </ClCompile>
    <ClCompile Include="..\..\Engine\jpeg-8c\jidctint.c">
      <Filter>jpeg\Source Files</Filter>
    </ClCompile>
    <ClCompile Include="..\..\Engine\jpeg-8c\jmemmgr.c">
      <Filter>jpeg\Source Files</Filter>
    </ClCompile>
    <ClCompile Include="..\..\Engine\jpeg-8c\jmemnobs.c">
      <Filter>jpeg\Source Files</Filter>
    </ClCompile>
    <ClCompile Include="..\..\Engine\jpeg-8c\jquant1.c">
      <Filter>jpeg\Source Files</Filter>
    </ClCompile>
    <ClCompile Include="..\..\Engine\jpeg-8c\jquant2.c">
      <Filter>jpeg\Source Files</Filter>
    </ClCompile>
    <ClCompile Include="..\..\Engine\jpeg-8c\jutils.c">
      <Filter>jpeg\Source Files</Filter>
    </ClCompile>
    <ClCompile Include="..\..\Engine\renderer\tr_backend.c">
      <Filter>renderer\Source Files</Filter>
    </ClCompile>
    <ClCompile Include="..\..\Engine\renderer\tr_bloom.c">
      <Filter>renderer\Source Files</Filter>
    </ClCompile>
    <ClCompile Include="..\..\Engine\renderer\tr_bsp.c">
      <Filter>renderer\Source Files</Filter>
    </ClCompile>
    <ClCompile Include="..\..\Engine\renderer\tr_cmds.c">
      <Filter>renderer\Source Files</Filter>
    </ClCompile>
    <ClCompile Include="..\..\Engine\renderer\tr_curve.c">
      <Filter>renderer\Source Files</Filter>
    </ClCompile>
    <ClCompile Include="..\..\Engine\renderer\tr_flares.c">
      <Filter>renderer\Source Files</Filter>
    </ClCompile>
    <ClCompile Include="..\..\Engine\renderer\tr_font.c">
      <Filter>renderer\Source Files</Filter>
    </ClCompile>
    <ClCompile Include="..\..\Engine\renderer\tr_glsl.c">
      <Filter>renderer\Source Files</Filter>
    </ClCompile>
    <ClCompile Include="..\..\Engine\renderer\tr_image.c">
      <Filter>renderer\Source Files</Filter>
    </ClCompile>
    <ClCompile Include="..\..\Engine\renderer\tr_image_bmp.c">
      <Filter>renderer\Source Files</Filter>
    </ClCompile>
    <ClCompile Include="..\..\Engine\renderer\tr_image_jpg.c">
      <Filter>renderer\Source Files</Filter>
    </ClCompile>
    <ClCompile Include="..\..\Engine\renderer\tr_image_pcx.c">
      <Filter>renderer\Source Files</Filter>
    </ClCompile>
    <ClCompile Include="..\..\Engine\renderer\tr_image_png.c">
      <Filter>renderer\Source Files</Filter>
    </ClCompile>
    <ClCompile Include="..\..\Engine\renderer\tr_image_tga.c">
      <Filter>renderer\Source Files</Filter>
    </ClCompile>
    <ClCompile Include="..\..\Engine\renderer\tr_init.c">
      <Filter>renderer\Source Files</Filter>
    </ClCompile>
    <ClCompile Include="..\..\Engine\renderer\tr_light.c">
      <Filter>renderer\Source Files</Filter>
    </ClCompile>
    <ClCompile Include="..\..\Engine\renderer\tr_main.c">
      <Filter>renderer\Source Files</Filter>
    </ClCompile>
    <ClCompile Include="..\..\Engine\renderer\tr_marks.c">
      <Filter>renderer\Source Files</Filter>
    </ClCompile>
    <ClCompile Include="..\..\Engine\renderer\tr_mesh.c">
      <Filter>renderer\Source Files</Filter>
    </ClCompile>
    <ClCompile Include="..\..\Engine\renderer\tr_model.c">
      <Filter>renderer\Source Files</Filter>
    </ClCompile>
    <ClCompile Include="..\..\Engine\renderer\tr_model_iqm.c">
      <Filter>renderer\Source Files</Filter>
    </ClCompile>
    <ClCompile Include="..\..\Engine\renderer\tr_motionblur.c">
      <Filter>renderer\Source Files</Filter>
    </ClCompile>
    <ClCompile Include="..\..\Engine\renderer\tr_noise.c">
      <Filter>renderer\Source Files</Filter>
    </ClCompile>
    <ClCompile Include="..\..\Engine\renderer\tr_scene.c">
      <Filter>renderer\Source Files</Filter>
    </ClCompile>
    <ClCompile Include="..\..\Engine\renderer\tr_shade.c">
      <Filter>renderer\Source Files</Filter>
    </ClCompile>
    <ClCompile Include="..\..\Engine\renderer\tr_shade_calc.c">
      <Filter>renderer\Source Files</Filter>
    </ClCompile>
    <ClCompile Include="..\..\Engine\renderer\tr_shader.c">
      <Filter>renderer\Source Files</Filter>
    </ClCompile>
    <ClCompile Include="..\..\Engine\renderer\tr_shadows.c">
      <Filter>renderer\Source Files</Filter>
    </ClCompile>
    <ClCompile Include="..\..\Engine\renderer\tr_sky.c">
      <Filter>renderer\Source Files</Filter>
    </ClCompile>
    <ClCompile Include="..\..\Engine\renderer\tr_surface.c">
      <Filter>renderer\Source Files</Filter>
    </ClCompile>
    <ClCompile Include="..\..\Engine\renderer\tr_world.c">
      <Filter>renderer\Source Files</Filter>
    </ClCompile>
    <ClCompile Include="..\..\Engine\libspeex\bits.c">
      <Filter>speex</Filter>
    </ClCompile>
    <ClCompile Include="..\..\Engine\libspeex\buffer.c">
      <Filter>speex</Filter>
    </ClCompile>
    <ClCompile Include="..\..\Engine\libspeex\cb_search.c">
      <Filter>speex</Filter>
    </ClCompile>
    <ClCompile Include="..\..\Engine\libspeex\exc_10_16_table.c">
      <Filter>speex</Filter>
    </ClCompile>
    <ClCompile Include="..\..\Engine\libspeex\exc_10_32_table.c">
      <Filter>speex</Filter>
    </ClCompile>
    <ClCompile Include="..\..\Engine\libspeex\exc_20_32_table.c">
      <Filter>speex</Filter>
    </ClCompile>
    <ClCompile Include="..\..\Engine\libspeex\exc_5_256_table.c">
      <Filter>speex</Filter>
    </ClCompile>
    <ClCompile Include="..\..\Engine\libspeex\exc_5_64_table.c">
      <Filter>speex</Filter>
    </ClCompile>
    <ClCompile Include="..\..\Engine\libspeex\exc_8_128_table.c">
      <Filter>speex</Filter>
    </ClCompile>
    <ClCompile Include="..\..\Engine\libspeex\fftwrap.c">
      <Filter>speex</Filter>
    </ClCompile>
    <ClCompile Include="..\..\Engine\libspeex\filterbank.c">
      <Filter>speex</Filter>
    </ClCompile>
    <ClCompile Include="..\..\Engine\libspeex\filters.c">
      <Filter>speex</Filter>
    </ClCompile>
    <ClCompile Include="..\..\Engine\libspeex\gain_table.c">
      <Filter>speex</Filter>
    </ClCompile>
    <ClCompile Include="..\..\Engine\libspeex\gain_table_lbr.c">
      <Filter>speex</Filter>
    </ClCompile>
    <ClCompile Include="..\..\Engine\libspeex\hexc_10_32_table.c">
      <Filter>speex</Filter>
    </ClCompile>
    <ClCompile Include="..\..\Engine\libspeex\hexc_table.c">
      <Filter>speex</Filter>
    </ClCompile>
    <ClCompile Include="..\..\Engine\libspeex\high_lsp_tables.c">
      <Filter>speex</Filter>
    </ClCompile>
    <ClCompile Include="..\..\Engine\libspeex\jitter.c">
      <Filter>speex</Filter>
    </ClCompile>
    <ClCompile Include="..\..\Engine\libspeex\kiss_fft.c">
      <Filter>speex</Filter>
    </ClCompile>
    <ClCompile Include="..\..\Engine\libspeex\kiss_fftr.c">
      <Filter>speex</Filter>
    </ClCompile>
    <ClCompile Include="..\..\Engine\libspeex\lpc.c">
      <Filter>speex</Filter>
    </ClCompile>
    <ClCompile Include="..\..\Engine\libspeex\lsp.c">
      <Filter>speex</Filter>
    </ClCompile>
    <ClCompile Include="..\..\Engine\libspeex\lsp_tables_nb.c">
      <Filter>speex</Filter>
    </ClCompile>
    <ClCompile Include="..\..\Engine\libspeex\ltp.c">
      <Filter>speex</Filter>
    </ClCompile>
    <ClCompile Include="..\..\Engine\libspeex\mdf.c">
      <Filter>speex</Filter>
    </ClCompile>
    <ClCompile Include="..\..\Engine\libspeex\modes.c">
      <Filter>speex</Filter>
    </ClCompile>
    <ClCompile Include="..\..\Engine\libspeex\modes_wb.c">
      <Filter>speex</Filter>
    </ClCompile>
    <ClCompile Include="..\..\Engine\libspeex\nb_celp.c">
      <Filter>speex</Filter>
    </ClCompile>
    <ClCompile Include="..\..\Engine\libspeex\preprocess.c">
      <Filter>speex</Filter>
    </ClCompile>
    <ClCompile Include="..\..\Engine\libspeex\quant_lsp.c">
      <Filter>speex</Filter>
    </ClCompile>
    <ClCompile Include="..\..\Engine\libspeex\resample.c">
      <Filter>speex</Filter>
    </ClCompile>
    <ClCompile Include="..\..\Engine\libspeex\sb_celp.c">
      <Filter>speex</Filter>
    </ClCompile>
    <ClCompile Include="..\..\Engine\libspeex\smallft.c">
      <Filter>speex</Filter>
    </ClCompile>
    <ClCompile Include="..\..\Engine\libspeex\speex.c">
      <Filter>speex</Filter>
    </ClCompile>
    <ClCompile Include="..\..\Engine\libspeex\speex_callbacks.c">
      <Filter>speex</Filter>
    </ClCompile>
    <ClCompile Include="..\..\Engine\libspeex\speex_header.c">
      <Filter>speex</Filter>
    </ClCompile>
    <ClCompile Include="..\..\Engine\libspeex\stereo.c">
      <Filter>speex</Filter>
    </ClCompile>
    <ClCompile Include="..\..\Engine\libspeex\vbr.c">
      <Filter>speex</Filter>
    </ClCompile>
    <ClCompile Include="..\..\Engine\libspeex\vq.c">
      <Filter>speex</Filter>
    </ClCompile>
    <ClCompile Include="..\..\Engine\libspeex\window.c">
      <Filter>speex</Filter>
    </ClCompile>
    <ClCompile Include="..\..\Engine\zlib\adler32.c">
      <Filter>zlib</Filter>
    </ClCompile>
    <ClCompile Include="..\..\Engine\zlib\crc32.c">
      <Filter>zlib</Filter>
    </ClCompile>
    <ClCompile Include="..\..\Engine\zlib\inffast.c">
      <Filter>zlib</Filter>
    </ClCompile>
    <ClCompile Include="..\..\Engine\zlib\inflate.c">
      <Filter>zlib</Filter>
    </ClCompile>
    <ClCompile Include="..\..\Engine\zlib\inftrees.c">
      <Filter>zlib</Filter>
    </ClCompile>
    <ClCompile Include="..\..\Engine\zlib\zutil.c">
      <Filter>zlib</Filter>
    </ClCompile>
  </ItemGroup>
  <ItemGroup>
    <ClInclude Include="..\..\Game\Game\bg_public.h">
      <Filter>Header Files</Filter>
    </ClInclude>
    <ClInclude Include="..\..\Game\CGame\cg_public.h">
      <Filter>Header Files</Filter>
    </ClInclude>
    <ClInclude Include="..\..\Engine\client\cl_curl.h">
      <Filter>Header Files</Filter>
    </ClInclude>
    <ClInclude Include="..\..\Engine\client\client.h">
      <Filter>Header Files</Filter>
    </ClInclude>
    <ClInclude Include="..\..\Shared\cm_local.h">
      <Filter>Header Files</Filter>
    </ClInclude>
    <ClInclude Include="..\..\Shared\cm_patch.h">
      <Filter>Header Files</Filter>
    </ClInclude>
    <ClInclude Include="..\..\Shared\cm_polylib.h">
      <Filter>Header Files</Filter>
    </ClInclude>
    <ClInclude Include="..\..\Shared\cm_public.h">
      <Filter>Header Files</Filter>
    </ClInclude>
    <ClInclude Include="..\..\Game\Game\g_public.h">
      <Filter>Header Files</Filter>
    </ClInclude>
    <ClInclude Include="..\..\Engine\ui\keycodes.h">
      <Filter>Header Files</Filter>
    </ClInclude>
    <ClInclude Include="..\..\Engine\client\keys.h">
      <Filter>Header Files</Filter>
    </ClInclude>
    <ClInclude Include="..\..\Shared\puff.h">
      <Filter>Header Files</Filter>
    </ClInclude>
    <ClInclude Include="..\..\Shared\q_shared.h">
      <Filter>Header Files</Filter>
    </ClInclude>
    <ClInclude Include="..\..\Engine\client\qal.h">
      <Filter>Header Files</Filter>
    </ClInclude>
    <ClInclude Include="..\..\Shared\qcommon.h">
      <Filter>Header Files</Filter>
    </ClInclude>
    <ClInclude Include="..\..\Shared\qfiles.h">
      <Filter>Header Files</Filter>
    </ClInclude>
    <ClInclude Include="..\..\Engine\renderer\qgl.h">
      <Filter>Header Files</Filter>
    </ClInclude>
    <ClInclude Include="..\..\Engine\win32\resource.h">
      <Filter>Header Files</Filter>
    </ClInclude>
    <ClInclude Include="..\..\Engine\server\server.h">
      <Filter>Header Files</Filter>
    </ClInclude>
    <ClInclude Include="..\..\Engine\client\snd_local.h">
      <Filter>Header Files</Filter>
    </ClInclude>
    <ClInclude Include="..\..\Engine\client\snd_public.h">
      <Filter>Header Files</Filter>
    </ClInclude>
    <ClInclude Include="..\..\Shared\surfaceflags.h">
      <Filter>Header Files</Filter>
    </ClInclude>
    <ClInclude Include="..\..\Engine\renderer\tr_local.h">
      <Filter>Header Files</Filter>
    </ClInclude>
    <ClInclude Include="..\..\Engine\renderer\tr_public.h">
      <Filter>Header Files</Filter>
    </ClInclude>
    <ClInclude Include="..\..\Game\CGame\tr_types.h">
      <Filter>Header Files</Filter>
    </ClInclude>
    <ClInclude Include="..\..\Game\UI\ui_public.h">
      <Filter>Header Files</Filter>
    </ClInclude>
    <ClInclude Include="..\..\Shared\unzip.h">
      <Filter>Header Files</Filter>
    </ClInclude>
    <ClInclude Include="..\..\Shared\vm_local.h">
      <Filter>Header Files</Filter>
    </ClInclude>
    <ClInclude Include="..\..\Engine\sys\win_resource.h">
      <Filter>Resource Files</Filter>
    </ClInclude>
    <ClInclude Include="..\..\Engine\jpeg-6b\jchuff.h">
      <Filter>jpeg\Header Files</Filter>
    </ClInclude>
    <ClInclude Include="..\..\Engine\jpeg-6b\jconfig.h">
      <Filter>jpeg\Header Files</Filter>
    </ClInclude>
    <ClInclude Include="..\..\Engine\jpeg-6b\jdct.h">
      <Filter>jpeg\Header Files</Filter>
    </ClInclude>
    <ClInclude Include="..\..\Engine\jpeg-6b\jdhuff.h">
      <Filter>jpeg\Header Files</Filter>
    </ClInclude>
    <ClInclude Include="..\..\Engine\jpeg-6b\jerror.h">
      <Filter>jpeg\Header Files</Filter>
    </ClInclude>
    <ClInclude Include="..\..\Engine\jpeg-6b\jinclude.h">
      <Filter>jpeg\Header Files</Filter>
    </ClInclude>
    <ClInclude Include="..\..\Engine\jpeg-6b\jmemsys.h">
      <Filter>jpeg\Header Files</Filter>
    </ClInclude>
    <ClInclude Include="..\..\Engine\jpeg-6b\jmorecfg.h">
      <Filter>jpeg\Header Files</Filter>
    </ClInclude>
    <ClInclude Include="..\..\Engine\jpeg-6b\jpegint.h">
      <Filter>jpeg\Header Files</Filter>
    </ClInclude>
    <ClInclude Include="..\..\Engine\jpeg-6b\jpeglib.h">
      <Filter>jpeg\Header Files</Filter>
    </ClInclude>
    <ClInclude Include="..\..\Engine\jpeg-6b\jversion.h">
      <Filter>jpeg\Header Files</Filter>
    </ClInclude>
    <ClInclude Include="..\..\Engine\libspeex\config.h">
      <Filter>speex</Filter>
    </ClInclude>
    <ClInclude Include="..\..\Engine\win32\win_local.h">
      <Filter>Header Files</Filter>
    </ClInclude>
  </ItemGroup>
  <ItemGroup>
    <ResourceCompile Include="..\..\Engine\sys\win_resource.rc">
      <Filter>Resource Files</Filter>
    </ResourceCompile>
  </ItemGroup>
  <ItemGroup>
    <CustomBuild Include="..\..\Engine\asm\ftola.asm">
      <Filter>Source Files</Filter>
    </CustomBuild>
    <CustomBuild Include="..\..\Engine\asm\snapvector.asm">
      <Filter>Source Files</Filter>
    </CustomBuild>
    <CustomBuild Include="..\..\Engine\asm\vm_x86_64.asm">
      <Filter>Source Files</Filter>
    </CustomBuild>
  </ItemGroup>
</Project>