<?xml version="1.0" encoding="utf-8"?>
<Project ToolsVersion="4.0" xmlns="http://schemas.microsoft.com/developer/msbuild/2003">
  <ItemGroup>
    <Filter Include="Source Files">
      <UniqueIdentifier>{c8335f5a-1195-4c3b-b8df-1f917ae5f92a}</UniqueIdentifier>
      <Extensions>c</Extensions>
    </Filter>
    <Filter Include="Header Files">
      <UniqueIdentifier>{42970f14-bc4b-449e-82ef-050bb311ddc7}</UniqueIdentifier>
      <Extensions>h</Extensions>
    </Filter>
    <Filter Include="Resource Files">
      <UniqueIdentifier>{3d2e36fc-1a0f-433d-bc76-20e2520707af}</UniqueIdentifier>
    </Filter>
  </ItemGroup>
  <ItemGroup>
    <ClCompile Include="..\..\Game\Game\bg_lib.c">
      <Filter>Source Files</Filter>
    </ClCompile>
    <ClCompile Include="..\..\Game\Game\bg_misc.c">
      <Filter>Source Files</Filter>
    </ClCompile>
    <ClCompile Include="..\..\Game\Game\bg_pmove.c">
      <Filter>Source Files</Filter>
    </ClCompile>
    <ClCompile Include="..\..\Game\Game\bg_slidemove.c">
      <Filter>Source Files</Filter>
    </ClCompile>
    <ClCompile Include="..\..\Game\CGame\cg_auras.c">
      <Filter>Source Files</Filter>
    </ClCompile>
    <ClCompile Include="..\..\Game\CGame\cg_beamtables.c">
      <Filter>Source Files</Filter>
    </ClCompile>
    <ClCompile Include="..\..\Game\CGame\cg_consolecmds.c">
      <Filter>Source Files</Filter>
    </ClCompile>
    <ClCompile Include="..\..\Game\CGame\cg_draw.c">
      <Filter>Source Files</Filter>
    </ClCompile>
    <ClCompile Include="..\..\Game\CGame\cg_drawtools.c">
      <Filter>Source Files</Filter>
    </ClCompile>
    <ClCompile Include="..\..\Game\CGame\cg_effects.c">
      <Filter>Source Files</Filter>
    </ClCompile>
    <ClCompile Include="..\..\Game\CGame\cg_ents.c">
      <Filter>Source Files</Filter>
    </ClCompile>
    <ClCompile Include="..\..\Game\CGame\cg_event.c">
      <Filter>Source Files</Filter>
    </ClCompile>
    <ClCompile Include="..\..\Game\CGame\cg_framehist.c">
      <Filter>Source Files</Filter>
    </ClCompile>
    <ClCompile Include="..\..\Game\CGame\cg_info.c">
      <Filter>Source Files</Filter>
    </ClCompile>
    <ClCompile Include="..\..\Game\CGame\cg_localents.c">
      <Filter>Source Files</Filter>
    </ClCompile>
    <ClCompile Include="..\..\Game\CGame\cg_main.c">
      <Filter>Source Files</Filter>
    </ClCompile>
    <ClCompile Include="..\..\Game\CGame\cg_marks.c">
      <Filter>Source Files</Filter>
    </ClCompile>
    <ClCompile Include="..\..\Game\CGame\cg_motionblur.c">
      <Filter>Source Files</Filter>
    </ClCompile>
    <ClCompile Include="..\..\Game\CGame\cg_music.c">
      <Filter>Source Files</Filter>
    </ClCompile>
    <ClCompile Include="..\..\Game\CGame\cg_particlesystem.c">
      <Filter>Source Files</Filter>
    </ClCompile>
    <ClCompile Include="..\..\Game\CGame\cg_particlesystem_cache.c">
      <Filter>Source Files</Filter>
    </ClCompile>
    <ClCompile Include="..\..\Game\CGame\cg_players.c">
      <Filter>Source Files</Filter>
    </ClCompile>
    <ClCompile Include="..\..\Game\CGame\cg_playerstate.c">
      <Filter>Source Files</Filter>
    </ClCompile>
    <ClCompile Include="..\..\Game\CGame\cg_predict.c">
      <Filter>Source Files</Filter>
    </ClCompile>
    <ClCompile Include="..\..\Game\CGame\cg_radar.c">
      <Filter>Source Files</Filter>
    </ClCompile>
    <ClCompile Include="..\..\Game\CGame\cg_servercmds.c">
      <Filter>Source Files</Filter>
    </ClCompile>
    <ClCompile Include="..\..\Game\CGame\cg_snapshot.c">
      <Filter>Source Files</Filter>
    </ClCompile>
    <ClCompile Include="..\..\Game\CGame\cg_syscalls.c">
      <Filter>Source Files</Filter>
    </ClCompile>
    <ClCompile Include="..\..\Game\CGame\cg_trails.c">
      <Filter>Source Files</Filter>
    </ClCompile>
    <ClCompile Include="..\..\Game\CGame\cg_tiers.c">
      <Filter>Source Files</Filter>
    </ClCompile>
    <ClCompile Include="..\..\Game\CGame\cg_userweapons.c">
      <Filter>Source Files</Filter>
    </ClCompile>
    <ClCompile Include="..\..\Game\CGame\cg_view.c">
      <Filter>Source Files</Filter>
    </ClCompile>
    <ClCompile Include="..\..\Game\CGame\cg_weapGfxAttributes.c">
      <Filter>Source Files</Filter>
    </ClCompile>
    <ClCompile Include="..\..\Game\CGame\cg_weapGfxScanner.c">
      <Filter>Source Files</Filter>
    </ClCompile>
    <ClCompile Include="..\..\Game\CGame\cg_weapons.c">
      <Filter>Source Files</Filter>
    </ClCompile>
    <ClCompile Include="..\..\Shared\q_math.c">
      <Filter>Source Files</Filter>
    </ClCompile>
    <ClCompile Include="..\..\Shared\q_shared.c">
      <Filter>Source Files</Filter>
    </ClCompile>
    <ClCompile Include="..\..\Game\CGame\cg_weapGfxParser.c">
      <Filter>Source Files</Filter>
    </ClCompile>
  </ItemGroup>
  <ItemGroup>
    <ClInclude Include="..\..\Game\Game\bg_public.h">
      <Filter>Header Files</Filter>
    </ClInclude>
    <ClInclude Include="..\..\Game\CGame\cg_local.h">
      <Filter>Header Files</Filter>
    </ClInclude>
    <ClInclude Include="..\..\Game\CGame\cg_public.h">
      <Filter>Header Files</Filter>
    </ClInclude>
    <ClInclude Include="..\..\Shared\q_shared.h">
      <Filter>Header Files</Filter>
    </ClInclude>
    <ClInclude Include="..\..\Shared\surfaceflags.h">
      <Filter>Header Files</Filter>
    </ClInclude>
  </ItemGroup>
</Project>