<?xml version="1.0" encoding="utf-8"?>
<Project ToolsVersion="4.0" xmlns="http://schemas.microsoft.com/developer/msbuild/2003">
  <ItemGroup>
    <Filter Include="Source Files">
      <UniqueIdentifier>{35241fab-12fd-4acf-935f-cdd8ce6c8da3}</UniqueIdentifier>
      <Extensions>cpp;c;cxx;rc;def;r;odl;hpj;bat;for;f90</Extensions>
    </Filter>
    <Filter Include="Header Files">
      <UniqueIdentifier>{bc733adb-b373-468c-9d81-b3b63465fcbe}</UniqueIdentifier>
      <Extensions>h;hpp;hxx;hm;inl;fi;fd</Extensions>
    </Filter>
    <Filter Include="Resource Files">
      <UniqueIdentifier>{d6f24f5e-77fd-43de-a82f-61e605b17b9e}</UniqueIdentifier>
    </Filter>
  </ItemGroup>
  <ItemGroup>
    <ClCompile Include="..\..\Game\Game\bg_lib.c">
      <Filter>Source Files</Filter>
    </ClCompile>
    <ClCompile Include="..\..\Game\Game\bg_misc.c">
      <Filter>Source Files</Filter>
    </ClCompile>
    <ClCompile Include="..\..\Game\Game\bg_pmove.c">
      <Filter>Source Files</Filter>
    </ClCompile>
    <ClCompile Include="..\..\Game\Game\bg_slidemove.c">
      <Filter>Source Files</Filter>
    </ClCompile>
    <ClCompile Include="..\..\Game\Game\g_active.c">
      <Filter>Source Files</Filter>
    </ClCompile>
    <ClCompile Include="..\..\Game\Game\g_arenas.c">
      <Filter>Source Files</Filter>
    </ClCompile>
    <ClCompile Include="..\..\Game\Game\g_client.c">
      <Filter>Source Files</Filter>
    </ClCompile>
    <ClCompile Include="..\..\Game\Game\g_cmds.c">
      <Filter>Source Files</Filter>
    </ClCompile>
    <ClCompile Include="..\..\Game\Game\g_combat.c">
      <Filter>Source Files</Filter>
    </ClCompile>
    <ClCompile Include="..\..\Game\Game\g_main.c">
      <Filter>Source Files</Filter>
    </ClCompile>
    <ClCompile Include="..\..\Game\Game\g_mem.c">
      <Filter>Source Files</Filter>
    </ClCompile>
    <ClCompile Include="..\..\Game\Game\g_misc.c">
      <Filter>Source Files</Filter>
    </ClCompile>
    <ClCompile Include="..\..\Game\Game\g_mover.c">
      <Filter>Source Files</Filter>
    </ClCompile>
    <ClCompile Include="..\..\Game\Game\g_radar.c">
      <Filter>Source Files</Filter>
    </ClCompile>
    <ClCompile Include="..\..\Game\Game\g_session.c">
      <Filter>Source Files</Filter>
    </ClCompile>
    <ClCompile Include="..\..\Game\Game\g_spawn.c">
      <Filter>Source Files</Filter>
    </ClCompile>
    <ClCompile Include="..\..\Game\Game\g_svcmds.c">
      <Filter>Source Files</Filter>
    </ClCompile>
    <ClCompile Include="..\..\Game\Game\g_syscalls.c">
      <Filter>Source Files</Filter>
    </ClCompile>
    <ClCompile Include="..\..\Game\Game\g_target.c">
      <Filter>Source Files</Filter>
    </ClCompile>
    <ClCompile Include="..\..\Game\Game\g_team.c">
      <Filter>Source Files</Filter>
    </ClCompile>
    <ClCompile Include="..\..\Game\Game\g_tiers.c">
      <Filter>Source Files</Filter>
    </ClCompile>
    <ClCompile Include="..\..\Game\Game\g_trigger.c">
      <Filter>Source Files</Filter>
    </ClCompile>
    <ClCompile Include="..\..\Game\Game\g_usermissile.c">
      <Filter>Source Files</Filter>
    </ClCompile>
    <ClCompile Include="..\..\Game\Game\g_userweapons.c">
      <Filter>Source Files</Filter>
    </ClCompile>
    <ClCompile Include="..\..\Game\Game\g_utils.c">
      <Filter>Source Files</Filter>
    </ClCompile>
    <ClCompile Include="..\..\Game\Game\g_weapon.c">
      <Filter>Source Files</Filter>
    </ClCompile>
    <ClCompile Include="..\..\Game\Game\g_weapPhysAttributes.c">
      <Filter>Source Files</Filter>
    </ClCompile>
    <ClCompile Include="..\..\Game\Game\g_weapPhysParser.c">
      <Filter>Source Files</Filter>
    </ClCompile>
    <ClCompile Include="..\..\Game\Game\g_weapPhysScanner.c">
      <Filter>Source Files</Filter>
    </ClCompile>
    <ClCompile Include="..\..\Shared\q_math.c">
      <Filter>Source Files</Filter>
    </ClCompile>
    <ClCompile Include="..\..\Shared\q_shared.c">
      <Filter>Source Files</Filter>
    </ClCompile>
  </ItemGroup>
  <ItemGroup>
    <ClInclude Include="..\..\Game\Game\bg_local.h">
      <Filter>Header Files</Filter>
    </ClInclude>
    <ClInclude Include="..\..\Game\Game\bg_public.h">
      <Filter>Header Files</Filter>
    </ClInclude>
    <ClInclude Include="..\..\Game\Game\g_local.h">
      <Filter>Header Files</Filter>
    </ClInclude>
    <ClInclude Include="..\..\Game\Game\g_public.h">
      <Filter>Header Files</Filter>
    </ClInclude>
    <ClInclude Include="..\..\Game\Game\g_team.h">
      <Filter>Header Files</Filter>
    </ClInclude>
    <ClInclude Include="..\..\Game\Game\match.h">
      <Filter>Header Files</Filter>
    </ClInclude>
    <ClInclude Include="..\..\Shared\q_shared.h">
      <Filter>Header Files</Filter>
    </ClInclude>
    <ClInclude Include="..\..\Shared\surfaceflags.h">
      <Filter>Header Files</Filter>
    </ClInclude>
  </ItemGroup>
</Project>