
Microsoft Visual Studio Solution File, Format Version 10.00
# Visual C++ Express 2008
Project("{8BC9CEB8-8B4A-11D0-8D11-00A0C91BC942}") = "cgame", "cgame\cgame.vcproj", "{39129A7F-66C3-4DEB-981C-611BE5213FFA}"
EndProject
Project("{8BC9CEB8-8B4A-11D0-8D11-00A0C91BC942}") = "game", "game\game.vcproj", "{001F4829-6BA3-4654-B154-D43A39D6B59F}"
EndProject
Project("{059D6162-CD51-11D0-AE1F-00A0C90FFFC3}") = "ui", "ui\ui.vcproj", "{E89799B3-7B51-4C11-97AD-BDF893AEA92B}"
EndProject
Global
	GlobalSection(SolutionConfigurationPlatforms) = preSolution
		Debug Alpha|Win32 = Debug Alpha|Win32
		Debug TA|Win32 = Debug TA|Win32
		Debug|Win32 = Debug|Win32
		Release Alpha|Win32 = Release Alpha|Win32
		Release TA|Win32 = Release TA|Win32
		Release|Win32 = Release|Win32
	EndGlobalSection
	GlobalSection(ProjectConfigurationPlatforms) = postSolution
		{39129A7F-66C3-4DEB-981C-611BE5213FFA}.Debug Alpha|Win32.ActiveCfg = Debug TA|Win32
		{39129A7F-66C3-4DEB-981C-611BE5213FFA}.Debug Alpha|Win32.Build.0 = Debug TA|Win32
		{39129A7F-66C3-4DEB-981C-611BE5213FFA}.Debug TA|Win32.ActiveCfg = Debug TA|Win32
		{39129A7F-66C3-4DEB-981C-611BE5213FFA}.Debug TA|Win32.Build.0 = Debug TA|Win32
		{39129A7F-66C3-4DEB-981C-611BE5213FFA}.Debug|Win32.ActiveCfg = Debug|Win32
		{39129A7F-66C3-4DEB-981C-611BE5213FFA}.Debug|Win32.Build.0 = Debug|Win32
		{39129A7F-66C3-4DEB-981C-611BE5213FFA}.Release Alpha|Win32.ActiveCfg = Release TA|Win32
		{39129A7F-66C3-4DEB-981C-611BE5213FFA}.Release Alpha|Win32.Build.0 = Release TA|Win32
		{39129A7F-66C3-4DEB-981C-611BE5213FFA}.Release TA|Win32.ActiveCfg = Release TA|Win32
		{39129A7F-66C3-4DEB-981C-611BE5213FFA}.Release TA|Win32.Build.0 = Release TA|Win32
		{39129A7F-66C3-4DEB-981C-611BE5213FFA}.Release|Win32.ActiveCfg = Release|Win32
		{39129A7F-66C3-4DEB-981C-611BE5213FFA}.Release|Win32.Build.0 = Release|Win32
		{001F4829-6BA3-4654-B154-D43A39D6B59F}.Debug Alpha|Win32.ActiveCfg = Debug Alpha|Win32
		{001F4829-6BA3-4654-B154-D43A39D6B59F}.Debug Alpha|Win32.Build.0 = Debug Alpha|Win32
		{001F4829-6BA3-4654-B154-D43A39D6B59F}.Debug TA|Win32.ActiveCfg = Debug TA|Win32
		{001F4829-6BA3-4654-B154-D43A39D6B59F}.Debug TA|Win32.Build.0 = Debug TA|Win32
		{001F4829-6BA3-4654-B154-D43A39D6B59F}.Debug|Win32.ActiveCfg = Debug|Win32
		{001F4829-6BA3-4654-B154-D43A39D6B59F}.Debug|Win32.Build.0 = Debug|Win32
		{001F4829-6BA3-4654-B154-D43A39D6B59F}.Release Alpha|Win32.ActiveCfg = Release Alpha|Win32
		{001F4829-6BA3-4654-B154-D43A39D6B59F}.Release Alpha|Win32.Build.0 = Release Alpha|Win32
		{001F4829-6BA3-4654-B154-D43A39D6B59F}.Release TA|Win32.ActiveCfg = Release TA|Win32
		{001F4829-6BA3-4654-B154-D43A39D6B59F}.Release TA|Win32.Build.0 = Release TA|Win32
		{001F4829-6BA3-4654-B154-D43A39D6B59F}.Release|Win32.ActiveCfg = Release|Win32
		{001F4829-6BA3-4654-B154-D43A39D6B59F}.Release|Win32.Build.0 = Release|Win32
		{E89799B3-7B51-4C11-97AD-BDF893AEA92B}.Debug Alpha|Win32.ActiveCfg = Debug TA|Win32
		{E89799B3-7B51-4C11-97AD-BDF893AEA92B}.Debug Alpha|Win32.Build.0 = Debug TA|Win32
		{E89799B3-7B51-4C11-97AD-BDF893AEA92B}.Debug TA|Win32.ActiveCfg = Debug TA|Win32
		{E89799B3-7B51-4C11-97AD-BDF893AEA92B}.Debug TA|Win32.Build.0 = Debug TA|Win32
		{E89799B3-7B51-4C11-97AD-BDF893AEA92B}.Debug|Win32.ActiveCfg = Debug|Win32
		{E89799B3-7B51-4C11-97AD-BDF893AEA92B}.Debug|Win32.Build.0 = Debug|Win32
		{E89799B3-7B51-4C11-97AD-BDF893AEA92B}.Release Alpha|Win32.ActiveCfg = Release TA|Win32
		{E89799B3-7B51-4C11-97AD-BDF893AEA92B}.Release Alpha|Win32.Build.0 = Release TA|Win32
		{E89799B3-7B51-4C11-97AD-BDF893AEA92B}.Release TA|Win32.ActiveCfg = Release TA|Win32
		{E89799B3-7B51-4C11-97AD-BDF893AEA92B}.Release TA|Win32.Build.0 = Release TA|Win32
		{E89799B3-7B51-4C11-97AD-BDF893AEA92B}.Release|Win32.ActiveCfg = Release|Win32
		{E89799B3-7B51-4C11-97AD-BDF893AEA92B}.Release|Win32.Build.0 = Release|Win32
	EndGlobalSection
	GlobalSection(SolutionProperties) = preSolution
		HideSolutionNode = FALSE
	EndGlobalSection
EndGlobal
